<?xml version="1.0" encoding="utf-8"?>
<Project ToolsVersion="4.0" xmlns="http://schemas.microsoft.com/developer/msbuild/2003">
  <ItemGroup>
    <Filter Include="소스 파일">
      <UniqueIdentifier>{4FC737F1-C7A5-4376-A066-2A32D752A2FF}</UniqueIdentifier>
      <Extensions>cpp;c;cc;cxx;c++;cppm;ixx;def;odl;idl;hpj;bat;asm;asmx</Extensions>
    </Filter>
    <Filter Include="헤더 파일">
      <UniqueIdentifier>{93995380-89BD-4b04-88EB-625FBE52EBFB}</UniqueIdentifier>
      <Extensions>h;hh;hpp;hxx;h++;hm;inl;inc;ipp;xsd</Extensions>
    </Filter>
    <Filter Include="리소스 파일">
      <UniqueIdentifier>{67DA6AB6-F800-4c08-8B7A-83BB121AAD01}</UniqueIdentifier>
      <Extensions>rc;ico;cur;bmp;dlg;rc2;rct;bin;rgs;gif;jpg;jpeg;jpe;resx;tiff;tif;png;wav;mfcribbon-ms</Extensions>
    </Filter>
    <Filter Include="소스 파일\Bronze">
      <UniqueIdentifier>{82fa226f-b0b5-4c9b-940d-2083ff462811}</UniqueIdentifier>
    </Filter>
    <Filter Include="소스 파일\Gold">
      <UniqueIdentifier>{b1256d52-96df-49da-b95f-ba49b7e36991}</UniqueIdentifier>
    </Filter>
    <Filter Include="소스 파일\해결중">
      <UniqueIdentifier>{1b0b7224-c77b-434a-be91-937d54221ec3}</UniqueIdentifier>
    </Filter>
    <Filter Include="소스 파일\Sliver">
      <UniqueIdentifier>{8589c23c-d0fa-40be-8186-2215bbfb8ca3}</UniqueIdentifier>
    </Filter>
    <Filter Include="소스 파일\겨울 숲의 초대">
      <UniqueIdentifier>{ce3fcb8c-9b2f-42af-9bcd-4e31363ed686}</UniqueIdentifier>
    </Filter>
  </ItemGroup>
  <ItemGroup>
    <ClCompile Include="1085.cpp">
      <Filter>소스 파일\Bronze</Filter>
    </ClCompile>
    <ClCompile Include="1110.cpp">
      <Filter>소스 파일\Bronze</Filter>
    </ClCompile>
    <ClCompile Include="1152.cpp">
      <Filter>소스 파일\Bronze</Filter>
    </ClCompile>
    <ClCompile Include="1158.cpp">
      <Filter>소스 파일\Sliver</Filter>
    </ClCompile>
    <ClCompile Include="1181.cpp">
      <Filter>소스 파일\Sliver</Filter>
    </ClCompile>
    <ClCompile Include="1929.cpp">
      <Filter>소스 파일\Sliver</Filter>
    </ClCompile>
    <ClCompile Include="2164.cpp">
      <Filter>소스 파일\Sliver</Filter>
    </ClCompile>
    <ClCompile Include="2480.cpp">
      <Filter>소스 파일\Bronze</Filter>
    </ClCompile>
    <ClCompile Include="2525.cpp">
      <Filter>소스 파일\Bronze</Filter>
    </ClCompile>
    <ClCompile Include="2562.cpp">
      <Filter>소스 파일\Bronze</Filter>
    </ClCompile>
    <ClCompile Include="2577.cpp">
      <Filter>소스 파일\Bronze</Filter>
    </ClCompile>
    <ClCompile Include="3052.cpp">
      <Filter>소스 파일\Bronze</Filter>
    </ClCompile>
    <ClCompile Include="9012.cpp">
      <Filter>소스 파일\Sliver</Filter>
    </ClCompile>
    <ClCompile Include="10818.cpp">
      <Filter>소스 파일\Bronze</Filter>
    </ClCompile>
    <ClCompile Include="10828.cpp">
      <Filter>소스 파일\Sliver</Filter>
    </ClCompile>
    <ClCompile Include="10845.cpp">
      <Filter>소스 파일\Sliver</Filter>
    </ClCompile>
    <ClCompile Include="10926.cpp">
      <Filter>소스 파일\Bronze</Filter>
    </ClCompile>
    <ClCompile Include="10989.cpp">
      <Filter>소스 파일\Sliver</Filter>
    </ClCompile>
    <ClCompile Include="11866.cpp">
      <Filter>소스 파일\Sliver</Filter>
    </ClCompile>
    <ClCompile Include="18108.cpp">
      <Filter>소스 파일\Bronze</Filter>
    </ClCompile>
    <ClCompile Include="18258.cpp">
      <Filter>소스 파일\Sliver</Filter>
    </ClCompile>
    <ClCompile Include="25083.cpp">
      <Filter>소스 파일\Bronze</Filter>
    </ClCompile>
    <ClCompile Include="5430.cpp">
      <Filter>소스 파일\Gold</Filter>
    </ClCompile>
    <ClCompile Include="10814.cpp">
      <Filter>소스 파일\Sliver</Filter>
    </ClCompile>
    <ClCompile Include="2920.cpp">
      <Filter>소스 파일\Bronze</Filter>
    </ClCompile>
    <ClCompile Include="2675.cpp">
      <Filter>소스 파일\Bronze</Filter>
    </ClCompile>
    <ClCompile Include="8958.cpp">
      <Filter>소스 파일\Bronze</Filter>
    </ClCompile>
    <ClCompile Include="11654.cpp">
      <Filter>소스 파일\Bronze</Filter>
    </ClCompile>
    <ClCompile Include="11720.cpp">
      <Filter>소스 파일\Bronze</Filter>
    </ClCompile>
    <ClCompile Include="1157.cpp">
      <Filter>소스 파일\Bronze</Filter>
    </ClCompile>
    <ClCompile Include="1546.cpp">
      <Filter>소스 파일\Bronze</Filter>
    </ClCompile>
    <ClCompile Include="2475.cpp">
      <Filter>소스 파일\Bronze</Filter>
    </ClCompile>
    <ClCompile Include="10809.cpp">
      <Filter>소스 파일\Bronze</Filter>
    </ClCompile>
    <ClCompile Include="2908.cpp">
      <Filter>소스 파일\Bronze</Filter>
    </ClCompile>
    <ClCompile Include="2751.cpp">
      <Filter>소스 파일\Sliver</Filter>
    </ClCompile>
    <ClCompile Include="11650.cpp">
      <Filter>소스 파일\Sliver</Filter>
    </ClCompile>
    <ClCompile Include="1259.cpp">
      <Filter>소스 파일\Bronze</Filter>
    </ClCompile>
    <ClCompile Include="11050.cpp">
      <Filter>소스 파일\Bronze</Filter>
    </ClCompile>
    <ClCompile Include="2798.cpp">
      <Filter>소스 파일\Bronze</Filter>
    </ClCompile>
    <ClCompile Include="4153.cpp">
      <Filter>소스 파일\Bronze</Filter>
    </ClCompile>
    <ClCompile Include="1978.cpp">
      <Filter>소스 파일\Sliver</Filter>
    </ClCompile>
    <ClCompile Include="10250.cpp">
      <Filter>소스 파일\Bronze</Filter>
    </ClCompile>
    <ClCompile Include="2609.cpp">
      <Filter>소스 파일\Sliver</Filter>
    </ClCompile>
    <ClCompile Include="1018.cpp">
      <Filter>소스 파일\Sliver</Filter>
    </ClCompile>
    <ClCompile Include="2839.cpp">
      <Filter>소스 파일\Bronze</Filter>
    </ClCompile>
    <ClCompile Include="11651.cpp">
      <Filter>소스 파일\Bronze</Filter>
    </ClCompile>
    <ClCompile Include="7568.cpp">
      <Filter>소스 파일\Sliver</Filter>
    </ClCompile>
    <ClCompile Include="10699.cpp">
      <Filter>소스 파일\Bronze</Filter>
    </ClCompile>
    <ClCompile Include="7287.cpp">
      <Filter>소스 파일\Bronze</Filter>
    </ClCompile>
    <ClCompile Include="11382.cpp">
      <Filter>소스 파일\Bronze</Filter>
    </ClCompile>
    <ClCompile Include="2420.cpp">
      <Filter>소스 파일\Bronze</Filter>
    </ClCompile>
    <ClCompile Include="10872.cpp">
      <Filter>소스 파일\Bronze</Filter>
    </ClCompile>
    <ClCompile Include="10807.cpp">
      <Filter>소스 파일\Bronze</Filter>
    </ClCompile>
    <ClCompile Include="5597.cpp">
      <Filter>소스 파일\Bronze</Filter>
    </ClCompile>
    <ClCompile Include="2738.cpp">
      <Filter>소스 파일\Bronze</Filter>
    </ClCompile>
    <ClCompile Include="2743.cpp">
      <Filter>소스 파일\Bronze</Filter>
    </ClCompile>
    <ClCompile Include="2744.cpp">
      <Filter>소스 파일\Bronze</Filter>
    </ClCompile>
    <ClCompile Include="2754.cpp">
      <Filter>소스 파일\Bronze</Filter>
    </ClCompile>
    <ClCompile Include="11718.cpp">
      <Filter>소스 파일\Bronze</Filter>
    </ClCompile>
    <ClCompile Include="9086.cpp">
      <Filter>소스 파일\Bronze</Filter>
    </ClCompile>
    <ClCompile Include="15964.cpp">
      <Filter>소스 파일\Bronze</Filter>
    </ClCompile>
    <ClCompile Include="1874.cpp">
      <Filter>소스 파일\Sliver</Filter>
    </ClCompile>
    <ClCompile Include="2178.cpp">
      <Filter>소스 파일\Sliver</Filter>
    </ClCompile>
    <ClCompile Include="1012.cpp">
      <Filter>소스 파일\Sliver</Filter>
    </ClCompile>
    <ClCompile Include="1463.cpp">
      <Filter>소스 파일\Sliver</Filter>
    </ClCompile>
    <ClCompile Include="1436.cpp">
      <Filter>소스 파일\Sliver</Filter>
    </ClCompile>
    <ClCompile Include="2108.cpp">
      <Filter>소스 파일\Sliver</Filter>
    </ClCompile>
    <ClCompile Include="1107.cpp">
      <Filter>소스 파일\Gold</Filter>
    </ClCompile>
    <ClCompile Include="2231.cpp">
      <Filter>소스 파일\Bronze</Filter>
    </ClCompile>
    <ClCompile Include="3190.cpp">
      <Filter>소스 파일\Gold</Filter>
    </ClCompile>
    <ClCompile Include="10773.cpp">
      <Filter>소스 파일\Sliver</Filter>
    </ClCompile>
    <ClCompile Include="9935.cpp">
      <Filter>소스 파일\Gold</Filter>
    </ClCompile>
    <ClCompile Include="3003.cpp">
      <Filter>소스 파일\Bronze</Filter>
    </ClCompile>
    <ClCompile Include="25304.cpp">
      <Filter>소스 파일\Bronze</Filter>
    </ClCompile>
    <ClCompile Include="4344.cpp">
      <Filter>소스 파일\Bronze</Filter>
    </ClCompile>
    <ClCompile Include="10815.cpp">
      <Filter>소스 파일\Sliver</Filter>
    </ClCompile>
    <ClCompile Include="15596.cpp">
      <Filter>소스 파일\Bronze</Filter>
    </ClCompile>
    <ClCompile Include="5622.cpp">
      <Filter>소스 파일\Bronze</Filter>
    </ClCompile>
    <ClCompile Include="4673.cpp">
      <Filter>소스 파일\Sliver</Filter>
    </ClCompile>
    <ClCompile Include="10757.cpp">
      <Filter>소스 파일\Bronze</Filter>
    </ClCompile>
    <ClCompile Include="4949.cpp">
      <Filter>소스 파일\Sliver</Filter>
    </ClCompile>
    <ClCompile Include="10870.cpp">
      <Filter>소스 파일\Bronze</Filter>
    </ClCompile>
    <ClCompile Include="14425.cpp">
      <Filter>소스 파일\Sliver</Filter>
    </ClCompile>
    <ClCompile Include="9461.cpp">
      <Filter>소스 파일\Sliver</Filter>
    </ClCompile>
    <ClCompile Include="1269.cpp">
      <Filter>소스 파일\Sliver</Filter>
    </ClCompile>
    <ClCompile Include="12865.cpp">
      <Filter>소스 파일\Gold</Filter>
    </ClCompile>
    <ClCompile Include="11478.cpp">
      <Filter>소스 파일\Sliver</Filter>
    </ClCompile>
    <ClCompile Include="1427.cpp">
      <Filter>소스 파일\Sliver</Filter>
    </ClCompile>
    <ClCompile Include="25305.cpp">
      <Filter>소스 파일\Bronze</Filter>
    </ClCompile>
    <ClCompile Include="5086.cpp">
      <Filter>소스 파일\Bronze</Filter>
    </ClCompile>
    <ClCompile Include="A.cpp">
      <Filter>소스 파일\겨울 숲의 초대</Filter>
    </ClCompile>
    <ClCompile Include="2566.cpp">
      <Filter>소스 파일\Bronze</Filter>
    </ClCompile>
    <ClCompile Include="2587.cpp">
      <Filter>소스 파일\Bronze</Filter>
    </ClCompile>
    <ClCompile Include="18870.cpp">
      <Filter>소스 파일\Sliver</Filter>
    </ClCompile>
    <ClCompile Include="11047.cpp">
      <Filter>소스 파일\Sliver</Filter>
    </ClCompile>
    <ClCompile Include="1037.cpp">
      <Filter>소스 파일\Bronze</Filter>
    </ClCompile>
    <ClCompile Include="2460.cpp">
      <Filter>소스 파일\Bronze</Filter>
    </ClCompile>
    <ClCompile Include="15680.cpp">
      <Filter>소스 파일\Bronze</Filter>
    </ClCompile>
    <ClCompile Include="11942.cpp">
      <Filter>소스 파일\Bronze</Filter>
    </ClCompile>
    <ClCompile Include="3009.cpp">
      <Filter>소스 파일\Bronze</Filter>
    </ClCompile>
    <ClCompile Include="11399.cpp">
      <Filter>소스 파일\Sliver</Filter>
    </ClCompile>
    <ClCompile Include="2752.cpp">
      <Filter>소스 파일\Bronze</Filter>
    </ClCompile>
    <ClCompile Include="11279.cpp">
      <Filter>소스 파일\Sliver</Filter>
    </ClCompile>
    <ClCompile Include="1927.cpp">
      <Filter>소스 파일\Sliver</Filter>
    </ClCompile>
    <ClCompile Include="26711.cpp">
      <Filter>소스 파일\Bronze</Filter>
    </ClCompile>
    <ClCompile Include="11286.cpp">
      <Filter>소스 파일\Sliver</Filter>
    </ClCompile>
    <ClCompile Include="5585.cpp">
      <Filter>소스 파일\Bronze</Filter>
    </ClCompile>
    <ClCompile Include="2606.cpp">
      <Filter>소스 파일\Sliver</Filter>
    </ClCompile>
    <ClCompile Include="2667.cpp">
      <Filter>소스 파일\Sliver</Filter>
    </ClCompile>
    <ClCompile Include="10817.cpp">
      <Filter>소스 파일\Bronze</Filter>
    </ClCompile>
    <ClCompile Include="1316.cpp">
      <Filter>소스 파일\Sliver</Filter>
    </ClCompile>
    <ClCompile Include="7662.cpp">
      <Filter>소스 파일\Gold</Filter>
    </ClCompile>
  </ItemGroup>
  <ItemGroup>
    <ClInclude Include="resource.h">
      <Filter>헤더 파일</Filter>
    </ClInclude>
  </ItemGroup>
</Project>